
Microsoft Visual Studio Solution File, Format Version 12.00
# Visual Studio 15
VisualStudioVersion = 15.0.27004.2008
MinimumVisualStudioVersion = 10.0.40219.1
Project("{FAE04EC0-301F-11D3-BF4B-00C04F79EFBC}") = "Sort", "Sort\Sort.csproj", "{DC7BE9D5-D7D7-4C33-AACE-49E4CF376C57}"
EndProject
Global
	GlobalSection(SolutionConfigurationPlatforms) = preSolution
		Debug|Any CPU = Debug|Any CPU
		Release|Any CPU = Release|Any CPU
	EndGlobalSection
	GlobalSection(ProjectConfigurationPlatforms) = postSolution
		{DC7BE9D5-D7D7-4C33-AACE-49E4CF376C57}.Debug|Any CPU.ActiveCfg = Debug|Any CPU
		{DC7BE9D5-D7D7-4C33-AACE-49E4CF376C57}.Debug|Any CPU.Build.0 = Debug|Any CPU
		{DC7BE9D5-D7D7-4C33-AACE-49E4CF376C57}.Release|Any CPU.ActiveCfg = Release|Any CPU
		{DC7BE9D5-D7D7-4C33-AACE-49E4CF376C57}.Release|Any CPU.Build.0 = Release|Any CPU
	EndGlobalSection
	GlobalSection(SolutionProperties) = preSolution
		HideSolutionNode = FALSE
	EndGlobalSection
	GlobalSection(ExtensibilityGlobals) = postSolution
		SolutionGuid = {8D8D022A-186F-47AA-A58B-DC3C9A1D7E25}
	EndGlobalSection
EndGlobal
